
Microsoft Visual Studio Solution File, Format Version 12.00
# Visual Studio 15
VisualStudioVersion = 15.0.27130.2036
MinimumVisualStudioVersion = 10.0.40219.1
Project("{FAE04EC0-301F-11D3-BF4B-00C04F79EFBC}") = "FileToBase64", "FileToBase64\FileToBase64.csproj", "{A5BB9CAF-E9BE-4AAD-A3D2-718DA2287CB9}"
EndProject
Global
	GlobalSection(SolutionConfigurationPlatforms) = preSolution
		Debug|Any CPU = Debug|Any CPU
		Release|Any CPU = Release|Any CPU
	EndGlobalSection
	GlobalSection(ProjectConfigurationPlatforms) = postSolution
		{A5BB9CAF-E9BE-4AAD-A3D2-718DA2287CB9}.Debug|Any CPU.ActiveCfg = Debug|Any CPU
		{A5BB9CAF-E9BE-4AAD-A3D2-718DA2287CB9}.Debug|Any CPU.Build.0 = Debug|Any CPU
		{A5BB9CAF-E9BE-4AAD-A3D2-718DA2287CB9}.Release|Any CPU.ActiveCfg = Release|Any CPU
		{A5BB9CAF-E9BE-4AAD-A3D2-718DA2287CB9}.Release|Any CPU.Build.0 = Release|Any CPU
	EndGlobalSection
	GlobalSection(SolutionProperties) = preSolution
		HideSolutionNode = FALSE
	EndGlobalSection
	GlobalSection(ExtensibilityGlobals) = postSolution
		SolutionGuid = {EC0CBA7D-7B9A-4195-8D37-6CC56B0ACF78}
	EndGlobalSection
EndGlobal
